{
  "name": "shipster_mobile_app",
  "version": "0.0.1",
  "lockfileVersion": 1,
  "requires": true,
  "dependencies": {
    "lodash": {
      "version": "4.17.5",
      "resolved": "https://registry.npmjs.org/lodash/-/lodash-4.17.5.tgz",
      "integrity": "sha512-svL3uiZf1RwhH+cWrfZn3A4+U58wbP0tGVTLQPbjplZxZ8ROD9VLuNgsRniTlLe7OlSqR79RUehXgpBW/s0IQw=="
    },
    "react-native-easy-grid": {
      "version": "0.1.17",
      "resolved": "https://registry.npmjs.org/react-native-easy-grid/-/react-native-easy-grid-0.1.17.tgz",
      "integrity": "sha512-+xnaHdNb/ZPHyGcZ90t28AzT+K44MdE3WoyOYJ6LPQ5rPXFzg/6Cj52onakGDcG0ufYAFMxr0i3BXw8P8a1HzQ==",
      "requires": {
        "lodash": "4.17.5"
      }
    }
  }
}
